
Microsoft Visual Studio Solution File, Format Version 12.00
# Visual Studio 15
VisualStudioVersion = 15.0.26403.3
MinimumVisualStudioVersion = 10.0.40219.1
Project("{FAE04EC0-301F-11D3-BF4B-00C04F79EFBC}") = "DKEngine (Tester)", "DKEngine\DKEngine (Tester).csproj", "{F01914BE-C135-423C-AED5-9B4900954A54}"
EndProject
Project("{FAE04EC0-301F-11D3-BF4B-00C04F79EFBC}") = "MarIO", "MarIO\MarIO.csproj", "{E5B976A6-D323-4C6D-9FE1-869A75846D1C}"
EndProject
Project("{FAE04EC0-301F-11D3-BF4B-00C04F79EFBC}") = "DKEngine", "DKBasicEngine 1.0\DKEngine.csproj", "{685BB592-6FF3-43D1-AA93-DC6900601DDA}"
EndProject
Project("{2150E333-8FDC-42A3-9474-1A3956D46DE8}") = "Solution Items", "Solution Items", "{0F0A25A2-E2EB-4973-A366-75A02779C0C0}"
	ProjectSection(SolutionItems) = preProject
		.gitignore = .gitignore
		Counter.ps1 = Counter.ps1
		LICENSE = LICENSE
	EndProjectSection
EndProject
Global
	GlobalSection(SolutionConfigurationPlatforms) = preSolution
		Debug|Any CPU = Debug|Any CPU
		Release|Any CPU = Release|Any CPU
	EndGlobalSection
	GlobalSection(ProjectConfigurationPlatforms) = postSolution
		{F01914BE-C135-423C-AED5-9B4900954A54}.Debug|Any CPU.ActiveCfg = Debug|Any CPU
		{F01914BE-C135-423C-AED5-9B4900954A54}.Debug|Any CPU.Build.0 = Debug|Any CPU
		{F01914BE-C135-423C-AED5-9B4900954A54}.Release|Any CPU.ActiveCfg = Release|Any CPU
		{F01914BE-C135-423C-AED5-9B4900954A54}.Release|Any CPU.Build.0 = Release|Any CPU
		{E5B976A6-D323-4C6D-9FE1-869A75846D1C}.Debug|Any CPU.ActiveCfg = Debug|Any CPU
		{E5B976A6-D323-4C6D-9FE1-869A75846D1C}.Debug|Any CPU.Build.0 = Debug|Any CPU
		{E5B976A6-D323-4C6D-9FE1-869A75846D1C}.Release|Any CPU.ActiveCfg = Release|Any CPU
		{E5B976A6-D323-4C6D-9FE1-869A75846D1C}.Release|Any CPU.Build.0 = Release|Any CPU
		{685BB592-6FF3-43D1-AA93-DC6900601DDA}.Debug|Any CPU.ActiveCfg = Debug|Any CPU
		{685BB592-6FF3-43D1-AA93-DC6900601DDA}.Debug|Any CPU.Build.0 = Debug|Any CPU
		{685BB592-6FF3-43D1-AA93-DC6900601DDA}.Release|Any CPU.ActiveCfg = Release|Any CPU
		{685BB592-6FF3-43D1-AA93-DC6900601DDA}.Release|Any CPU.Build.0 = Release|Any CPU
	EndGlobalSection
	GlobalSection(SolutionProperties) = preSolution
		HideSolutionNode = FALSE
	EndGlobalSection
EndGlobal
